
Microsoft Visual Studio Solution File, Format Version 12.00
Project("{FAE04EC0-301F-11D3-BF4B-00C04F79EFBC}") = "dotBatch", "dotBatch\dotBatch.csproj", "{0E12417C-FF29-4BAA-9638-AC70F9BDCF01}"
EndProject
Project("{FAE04EC0-301F-11D3-BF4B-00C04F79EFBC}") = "dotBatchTest", "dotBatchTest\dotBatchTest.csproj", "{C21B8507-6F14-4CA4-96AE-CA60D5A4A337}"
EndProject
Project("{FAE04EC0-301F-11D3-BF4B-00C04F79EFBC}") = "dotBatchLib", "dotBatchLib\dotBatchLib.csproj", "{2B8BA12F-EB29-43DF-857C-735F04F405A6}"
EndProject
Global
	GlobalSection(SolutionConfigurationPlatforms) = preSolution
		Debug|Any CPU = Debug|Any CPU
		Release|Any CPU = Release|Any CPU
	EndGlobalSection
	GlobalSection(ProjectConfigurationPlatforms) = postSolution
		{0E12417C-FF29-4BAA-9638-AC70F9BDCF01}.Debug|Any CPU.ActiveCfg = Debug|Any CPU
		{0E12417C-FF29-4BAA-9638-AC70F9BDCF01}.Debug|Any CPU.Build.0 = Debug|Any CPU
		{0E12417C-FF29-4BAA-9638-AC70F9BDCF01}.Release|Any CPU.ActiveCfg = Release|Any CPU
		{0E12417C-FF29-4BAA-9638-AC70F9BDCF01}.Release|Any CPU.Build.0 = Release|Any CPU
		{C21B8507-6F14-4CA4-96AE-CA60D5A4A337}.Debug|Any CPU.ActiveCfg = Debug|Any CPU
		{C21B8507-6F14-4CA4-96AE-CA60D5A4A337}.Debug|Any CPU.Build.0 = Debug|Any CPU
		{C21B8507-6F14-4CA4-96AE-CA60D5A4A337}.Release|Any CPU.ActiveCfg = Release|Any CPU
		{C21B8507-6F14-4CA4-96AE-CA60D5A4A337}.Release|Any CPU.Build.0 = Release|Any CPU
		{2B8BA12F-EB29-43DF-857C-735F04F405A6}.Debug|Any CPU.ActiveCfg = Debug|Any CPU
		{2B8BA12F-EB29-43DF-857C-735F04F405A6}.Debug|Any CPU.Build.0 = Debug|Any CPU
		{2B8BA12F-EB29-43DF-857C-735F04F405A6}.Release|Any CPU.ActiveCfg = Release|Any CPU
		{2B8BA12F-EB29-43DF-857C-735F04F405A6}.Release|Any CPU.Build.0 = Release|Any CPU
	EndGlobalSection
EndGlobal
